// !$*UTF8*$!
{
	archiveVersion = 1;
	classes = {
	};
	objectVersion = 50;
	objects = {

/* Begin PBXBuildFile section */
		6511CF1D2692E1CA00E6EAA6 /* LandmarksApp.swift in Sources */ = {isa = PBXBuildFile; fileRef = 6511CF1C2692E1CA00E6EAA6 /* LandmarksApp.swift */; };
		6511CF1F2692E1CA00E6EAA6 /* ContentView.swift in Sources */ = {isa = PBXBuildFile; fileRef = 6511CF1E2692E1CA00E6EAA6 /* ContentView.swift */; };
		6511CF212692E1CB00E6EAA6 /* Assets.xcassets in Resources */ = {isa = PBXBuildFile; fileRef = 6511CF202692E1CB00E6EAA6 /* Assets.xcassets */; };
		6511CF242692E1CB00E6EAA6 /* Preview Assets.xcassets in Resources */ = {isa = PBXBuildFile; fileRef = 6511CF232692E1CB00E6EAA6 /* Preview Assets.xcassets */; };
		6511CF2F2692EE9B00E6EAA6 /* CircleImage.swift in Sources */ = {isa = PBXBuildFile; fileRef = 6511CF2E2692EE9B00E6EAA6 /* CircleImage.swift */; };
		6511CF31269301AD00E6EAA6 /* MapView.swift in Sources */ = {isa = PBXBuildFile; fileRef = 6511CF30269301AD00E6EAA6 /* MapView.swift */; };
		6511CF382693D2C600E6EAA6 /* Landmark.swift in Sources */ = {isa = PBXBuildFile; fileRef = 6511CF372693D2C600E6EAA6 /* Landmark.swift */; };
		6511CF3A2693D2D300E6EAA6 /* landmarkData.json in Resources */ = {isa = PBXBuildFile; fileRef = 6511CF392693D2D300E6EAA6 /* landmarkData.json */; };
		6511CF3C2693D48500E6EAA6 /* ModelData.swift in Sources */ = {isa = PBXBuildFile; fileRef = 6511CF3B2693D48500E6EAA6 /* ModelData.swift */; };
		6511CF432693D5A000E6EAA6 /* LandmarkRow.swift in Sources */ = {isa = PBXBuildFile; fileRef = 6511CF422693D5A000E6EAA6 /* LandmarkRow.swift */; };
		6511CF452693D7BB00E6EAA6 /* LandmarkList.swift in Sources */ = {isa = PBXBuildFile; fileRef = 6511CF442693D7BB00E6EAA6 /* LandmarkList.swift */; };
		6511CF472693D99100E6EAA6 /* LandmarkDetail.swift in Sources */ = {isa = PBXBuildFile; fileRef = 6511CF462693D99100E6EAA6 /* LandmarkDetail.swift */; };
		6511CF492693F89A00E6EAA6 /* FavoriteButton.swift in Sources */ = {isa = PBXBuildFile; fileRef = 6511CF482693F89A00E6EAA6 /* FavoriteButton.swift */; };
		6511CF4F2693FED800E6EAA6 /* HexagonParameters.swift in Sources */ = {isa = PBXBuildFile; fileRef = 6511CF4E2693FED800E6EAA6 /* HexagonParameters.swift */; };
		6511CF512694016A00E6EAA6 /* BadgeBackground.swift in Sources */ = {isa = PBXBuildFile; fileRef = 6511CF502694016A00E6EAA6 /* BadgeBackground.swift */; };
		6511CF532694042000E6EAA6 /* BadgeSymbol.swift in Sources */ = {isa = PBXBuildFile; fileRef = 6511CF522694042000E6EAA6 /* BadgeSymbol.swift */; };
		6511CF552694182C00E6EAA6 /* RotatedBadgeSymbol.swift in Sources */ = {isa = PBXBuildFile; fileRef = 6511CF542694182C00E6EAA6 /* RotatedBadgeSymbol.swift */; };
		6511CF5826941A7500E6EAA6 /* Badge.swift in Sources */ = {isa = PBXBuildFile; fileRef = 6511CF5726941A7500E6EAA6 /* Badge.swift */; };
		6511CF5B269420E300E6EAA6 /* hikeData.json in Resources */ = {isa = PBXBuildFile; fileRef = 6511CF5A269420E300E6EAA6 /* hikeData.json */; };
		6511CF5D269420FD00E6EAA6 /* Hike.swift in Sources */ = {isa = PBXBuildFile; fileRef = 6511CF5C269420FD00E6EAA6 /* Hike.swift */; };
		65A01CC5269695B900C07BC5 /* CategoryHome.swift in Sources */ = {isa = PBXBuildFile; fileRef = 65A01CC4269695B900C07BC5 /* CategoryHome.swift */; };
		65A01CC72696A59700C07BC5 /* CategoryRow.swift in Sources */ = {isa = PBXBuildFile; fileRef = 65A01CC62696A59700C07BC5 /* CategoryRow.swift */; };
		65A01CC92696BB9F00C07BC5 /* CategoryItem.swift in Sources */ = {isa = PBXBuildFile; fileRef = 65A01CC82696BB9F00C07BC5 /* CategoryItem.swift */; };
		65A01CCB2696CDA600C07BC5 /* Profile.swift in Sources */ = {isa = PBXBuildFile; fileRef = 65A01CCA2696CDA600C07BC5 /* Profile.swift */; };
		65A01CCE2696CE1F00C07BC5 /* ProfileHost.swift in Sources */ = {isa = PBXBuildFile; fileRef = 65A01CCD2696CE1F00C07BC5 /* ProfileHost.swift */; };
		65A01CD22696E93D00C07BC5 /* ProfileSummary.swift in Sources */ = {isa = PBXBuildFile; fileRef = 65A01CD12696E93D00C07BC5 /* ProfileSummary.swift */; };
		65A01CD42696EF4100C07BC5 /* HikeBadge.swift in Sources */ = {isa = PBXBuildFile; fileRef = 65A01CD32696EF4100C07BC5 /* HikeBadge.swift */; };
		65A01CD62697F75500C07BC5 /* ProfileEditor.swift in Sources */ = {isa = PBXBuildFile; fileRef = 65A01CD52697F75500C07BC5 /* ProfileEditor.swift */; };
		65ABA7CA26944A9B00D4EF88 /* GraphCapsule.swift in Sources */ = {isa = PBXBuildFile; fileRef = 65ABA7C626944A9B00D4EF88 /* GraphCapsule.swift */; };
		65ABA7CB26944A9B00D4EF88 /* HikeGraph.swift in Sources */ = {isa = PBXBuildFile; fileRef = 65ABA7C726944A9B00D4EF88 /* HikeGraph.swift */; };
		65ABA7CC26944A9B00D4EF88 /* HikeDetail.swift in Sources */ = {isa = PBXBuildFile; fileRef = 65ABA7C826944A9B00D4EF88 /* HikeDetail.swift */; };
		65ABA7CD26944A9B00D4EF88 /* HikeView.swift in Sources */ = {isa = PBXBuildFile; fileRef = 65ABA7C926944A9B00D4EF88 /* HikeView.swift */; };
		65DD9B4026BA5B0400FD6D73 /* PageViewController.swift in Sources */ = {isa = PBXBuildFile; fileRef = 65DD9B3F26BA5B0400FD6D73 /* PageViewController.swift */; };
		65DD9B4226BA5FD700FD6D73 /* FeatureCard.swift in Sources */ = {isa = PBXBuildFile; fileRef = 65DD9B4126BA5FD700FD6D73 /* FeatureCard.swift */; };
		65DD9B4426BA67E400FD6D73 /* PageView.swift in Sources */ = {isa = PBXBuildFile; fileRef = 65DD9B4326BA67E400FD6D73 /* PageView.swift */; };
/* End PBXBuildFile section */

/* Begin PBXFileReference section */
		6511CF192692E1CA00E6EAA6 /* Landmarks.app */ = {isa = PBXFileReference; explicitFileType = wrapper.application; includeInIndex = 0; path = Landmarks.app; sourceTree = BUILT_PRODUCTS_DIR; };
		6511CF1C2692E1CA00E6EAA6 /* LandmarksApp.swift */ = {isa = PBXFileReference; lastKnownFileType = sourcecode.swift; path = LandmarksApp.swift; sourceTree = "<group>"; };
		6511CF1E2692E1CA00E6EAA6 /* ContentView.swift */ = {isa = PBXFileReference; lastKnownFileType = sourcecode.swift; path = ContentView.swift; sourceTree = "<group>"; };
		6511CF202692E1CB00E6EAA6 /* Assets.xcassets */ = {isa = PBXFileReference; lastKnownFileType = folder.assetcatalog; path = Assets.xcassets; sourceTree = "<group>"; };
		6511CF232692E1CB00E6EAA6 /* Preview Assets.xcassets */ = {isa = PBXFileReference; lastKnownFileType = folder.assetcatalog; path = "Preview Assets.xcassets"; sourceTree = "<group>"; };
		6511CF252692E1CB00E6EAA6 /* Info.plist */ = {isa = PBXFileReference; lastKnownFileType = text.plist.xml; path = Info.plist; sourceTree = "<group>"; };
		6511CF2E2692EE9B00E6EAA6 /* CircleImage.swift */ = {isa = PBXFileReference; lastKnownFileType = sourcecode.swift; path = CircleImage.swift; sourceTree = "<group>"; };
		6511CF30269301AD00E6EAA6 /* MapView.swift */ = {isa = PBXFileReference; lastKnownFileType = sourcecode.swift; path = MapView.swift; sourceTree = "<group>"; };
		6511CF372693D2C600E6EAA6 /* Landmark.swift */ = {isa = PBXFileReference; lastKnownFileType = sourcecode.swift; path = Landmark.swift; sourceTree = "<group>"; };
		6511CF392693D2D300E6EAA6 /* landmarkData.json */ = {isa = PBXFileReference; fileEncoding = 4; lastKnownFileType = text.json; path = landmarkData.json; sourceTree = "<group>"; };
		6511CF3B2693D48500E6EAA6 /* ModelData.swift */ = {isa = PBXFileReference; lastKnownFileType = sourcecode.swift; path = ModelData.swift; sourceTree = "<group>"; };
		6511CF422693D5A000E6EAA6 /* LandmarkRow.swift */ = {isa = PBXFileReference; lastKnownFileType = sourcecode.swift; path = LandmarkRow.swift; sourceTree = "<group>"; };
		6511CF442693D7BB00E6EAA6 /* LandmarkList.swift */ = {isa = PBXFileReference; lastKnownFileType = sourcecode.swift; path = LandmarkList.swift; sourceTree = "<group>"; };
		6511CF462693D99100E6EAA6 /* LandmarkDetail.swift */ = {isa = PBXFileReference; lastKnownFileType = sourcecode.swift; path = LandmarkDetail.swift; sourceTree = "<group>"; };
		6511CF482693F89A00E6EAA6 /* FavoriteButton.swift */ = {isa = PBXFileReference; lastKnownFileType = sourcecode.swift; path = FavoriteButton.swift; sourceTree = "<group>"; };
		6511CF4E2693FED800E6EAA6 /* HexagonParameters.swift */ = {isa = PBXFileReference; lastKnownFileType = sourcecode.swift; path = HexagonParameters.swift; sourceTree = "<group>"; };
		6511CF502694016A00E6EAA6 /* BadgeBackground.swift */ = {isa = PBXFileReference; lastKnownFileType = sourcecode.swift; path = BadgeBackground.swift; sourceTree = "<group>"; };
		6511CF522694042000E6EAA6 /* BadgeSymbol.swift */ = {isa = PBXFileReference; lastKnownFileType = sourcecode.swift; path = BadgeSymbol.swift; sourceTree = "<group>"; };
		6511CF542694182C00E6EAA6 /* RotatedBadgeSymbol.swift */ = {isa = PBXFileReference; lastKnownFileType = sourcecode.swift; path = RotatedBadgeSymbol.swift; sourceTree = "<group>"; };
		6511CF5726941A7500E6EAA6 /* Badge.swift */ = {isa = PBXFileReference; lastKnownFileType = sourcecode.swift; path = Badge.swift; sourceTree = "<group>"; };
		6511CF5A269420E300E6EAA6 /* hikeData.json */ = {isa = PBXFileReference; fileEncoding = 4; lastKnownFileType = text.json; path = hikeData.json; sourceTree = "<group>"; };
		6511CF5C269420FD00E6EAA6 /* Hike.swift */ = {isa = PBXFileReference; lastKnownFileType = sourcecode.swift; path = Hike.swift; sourceTree = "<group>"; };
		65A01CC4269695B900C07BC5 /* CategoryHome.swift */ = {isa = PBXFileReference; lastKnownFileType = sourcecode.swift; path = CategoryHome.swift; sourceTree = "<group>"; };
		65A01CC62696A59700C07BC5 /* CategoryRow.swift */ = {isa = PBXFileReference; lastKnownFileType = sourcecode.swift; path = CategoryRow.swift; sourceTree = "<group>"; };
		65A01CC82696BB9F00C07BC5 /* CategoryItem.swift */ = {isa = PBXFileReference; lastKnownFileType = sourcecode.swift; path = CategoryItem.swift; sourceTree = "<group>"; };
		65A01CCA2696CDA600C07BC5 /* Profile.swift */ = {isa = PBXFileReference; lastKnownFileType = sourcecode.swift; path = Profile.swift; sourceTree = "<group>"; };
		65A01CCD2696CE1F00C07BC5 /* ProfileHost.swift */ = {isa = PBXFileReference; lastKnownFileType = sourcecode.swift; path = ProfileHost.swift; sourceTree = "<group>"; };
		65A01CD12696E93D00C07BC5 /* ProfileSummary.swift */ = {isa = PBXFileReference; lastKnownFileType = sourcecode.swift; path = ProfileSummary.swift; sourceTree = "<group>"; };
		65A01CD32696EF4100C07BC5 /* HikeBadge.swift */ = {isa = PBXFileReference; lastKnownFileType = sourcecode.swift; path = HikeBadge.swift; sourceTree = "<group>"; };
		65A01CD52697F75500C07BC5 /* ProfileEditor.swift */ = {isa = PBXFileReference; lastKnownFileType = sourcecode.swift; path = ProfileEditor.swift; sourceTree = "<group>"; };
		65ABA7C626944A9B00D4EF88 /* GraphCapsule.swift */ = {isa = PBXFileReference; fileEncoding = 4; lastKnownFileType = sourcecode.swift; path = GraphCapsule.swift; sourceTree = "<group>"; };
		65ABA7C726944A9B00D4EF88 /* HikeGraph.swift */ = {isa = PBXFileReference; fileEncoding = 4; lastKnownFileType = sourcecode.swift; path = HikeGraph.swift; sourceTree = "<group>"; };
		65ABA7C826944A9B00D4EF88 /* HikeDetail.swift */ = {isa = PBXFileReference; fileEncoding = 4; lastKnownFileType = sourcecode.swift; path = HikeDetail.swift; sourceTree = "<group>"; };
		65ABA7C926944A9B00D4EF88 /* HikeView.swift */ = {isa = PBXFileReference; fileEncoding = 4; lastKnownFileType = sourcecode.swift; path = HikeView.swift; sourceTree = "<group>"; };
		65DD9B3F26BA5B0400FD6D73 /* PageViewController.swift */ = {isa = PBXFileReference; lastKnownFileType = sourcecode.swift; path = PageViewController.swift; sourceTree = "<group>"; };
		65DD9B4126BA5FD700FD6D73 /* FeatureCard.swift */ = {isa = PBXFileReference; lastKnownFileType = sourcecode.swift; path = FeatureCard.swift; sourceTree = "<group>"; };
		65DD9B4326BA67E400FD6D73 /* PageView.swift */ = {isa = PBXFileReference; lastKnownFileType = sourcecode.swift; path = PageView.swift; sourceTree = "<group>"; };
/* End PBXFileReference section */

/* Begin PBXFrameworksBuildPhase section */
		6511CF162692E1CA00E6EAA6 /* Frameworks */ = {
			isa = PBXFrameworksBuildPhase;
			buildActionMask = 2147483647;
			files = (
			);
			runOnlyForDeploymentPostprocessing = 0;
		};
/* End PBXFrameworksBuildPhase section */

/* Begin PBXGroup section */
		6511CF102692E1CA00E6EAA6 = {
			isa = PBXGroup;
			children = (
				6511CF1B2692E1CA00E6EAA6 /* Landmarks */,
				6511CF1A2692E1CA00E6EAA6 /* Products */,
			);
			sourceTree = "<group>";
		};
		6511CF1A2692E1CA00E6EAA6 /* Products */ = {
			isa = PBXGroup;
			children = (
				6511CF192692E1CA00E6EAA6 /* Landmarks.app */,
			);
			name = Products;
			sourceTree = "<group>";
		};
		6511CF1B2692E1CA00E6EAA6 /* Landmarks */ = {
			isa = PBXGroup;
			children = (
				6511CF1C2692E1CA00E6EAA6 /* LandmarksApp.swift */,
				6511CF3D2693D52B00E6EAA6 /* Views */,
				6511CF3F2693D54100E6EAA6 /* Models */,
				6511CF322693D21B00E6EAA6 /* Resources */,
				6511CF252692E1CB00E6EAA6 /* Info.plist */,
				6511CF202692E1CB00E6EAA6 /* Assets.xcassets */,
				6511CF222692E1CB00E6EAA6 /* Preview Content */,
			);
			path = Landmarks;
			sourceTree = "<group>";
		};
		6511CF222692E1CB00E6EAA6 /* Preview Content */ = {
			isa = PBXGroup;
			children = (
				6511CF232692E1CB00E6EAA6 /* Preview Assets.xcassets */,
			);
			path = "Preview Content";
			sourceTree = "<group>";
		};
		6511CF322693D21B00E6EAA6 /* Resources */ = {
			isa = PBXGroup;
			children = (
				6511CF5A269420E300E6EAA6 /* hikeData.json */,
				6511CF392693D2D300E6EAA6 /* landmarkData.json */,
			);
			path = Resources;
			sourceTree = "<group>";
		};
		6511CF3D2693D52B00E6EAA6 /* Views */ = {
			isa = PBXGroup;
			children = (
				65DD9B3E26BA5AED00FD6D73 /* PageView */,
				6511CF1E2692E1CA00E6EAA6 /* ContentView.swift */,
				65A01CCC2696CE0600C07BC5 /* Profiles */,
				65A01CC32696959500C07BC5 /* Categories */,
				6511CF4B2693F9EA00E6EAA6 /* Landmarks */,
				6511CF4A2693F9B500E6EAA6 /* Helpers */,
				6511CF5926941D7400E6EAA6 /* Badges */,
				65ABA7C526944A9B00D4EF88 /* Hikes */,
			);
			path = Views;
			sourceTree = "<group>";
		};
		6511CF3F2693D54100E6EAA6 /* Models */ = {
			isa = PBXGroup;
			children = (
				6511CF372693D2C600E6EAA6 /* Landmark.swift */,
				6511CF3B2693D48500E6EAA6 /* ModelData.swift */,
				6511CF5C269420FD00E6EAA6 /* Hike.swift */,
				65A01CCA2696CDA600C07BC5 /* Profile.swift */,
				65DD9B4126BA5FD700FD6D73 /* FeatureCard.swift */,
			);
			path = Models;
			sourceTree = "<group>";
		};
		6511CF4A2693F9B500E6EAA6 /* Helpers */ = {
			isa = PBXGroup;
			children = (
				6511CF2E2692EE9B00E6EAA6 /* CircleImage.swift */,
				6511CF482693F89A00E6EAA6 /* FavoriteButton.swift */,
				6511CF30269301AD00E6EAA6 /* MapView.swift */,
			);
			path = Helpers;
			sourceTree = "<group>";
		};
		6511CF4B2693F9EA00E6EAA6 /* Landmarks */ = {
			isa = PBXGroup;
			children = (
				6511CF462693D99100E6EAA6 /* LandmarkDetail.swift */,
				6511CF442693D7BB00E6EAA6 /* LandmarkList.swift */,
				6511CF422693D5A000E6EAA6 /* LandmarkRow.swift */,
			);
			path = Landmarks;
			sourceTree = "<group>";
		};
		6511CF5926941D7400E6EAA6 /* Badges */ = {
			isa = PBXGroup;
			children = (
				6511CF5726941A7500E6EAA6 /* Badge.swift */,
				6511CF502694016A00E6EAA6 /* BadgeBackground.swift */,
				6511CF522694042000E6EAA6 /* BadgeSymbol.swift */,
				6511CF4E2693FED800E6EAA6 /* HexagonParameters.swift */,
				6511CF542694182C00E6EAA6 /* RotatedBadgeSymbol.swift */,
			);
			path = Badges;
			sourceTree = "<group>";
		};
		65A01CC32696959500C07BC5 /* Categories */ = {
			isa = PBXGroup;
			children = (
				65A01CC4269695B900C07BC5 /* CategoryHome.swift */,
				65A01CC62696A59700C07BC5 /* CategoryRow.swift */,
				65A01CC82696BB9F00C07BC5 /* CategoryItem.swift */,
			);
			path = Categories;
			sourceTree = "<group>";
		};
		65A01CCC2696CE0600C07BC5 /* Profiles */ = {
			isa = PBXGroup;
			children = (
				65A01CCD2696CE1F00C07BC5 /* ProfileHost.swift */,
				65A01CD12696E93D00C07BC5 /* ProfileSummary.swift */,
				65A01CD52697F75500C07BC5 /* ProfileEditor.swift */,
			);
			path = Profiles;
			sourceTree = "<group>";
		};
		65ABA7C526944A9B00D4EF88 /* Hikes */ = {
			isa = PBXGroup;
			children = (
				65ABA7C626944A9B00D4EF88 /* GraphCapsule.swift */,
				65ABA7C726944A9B00D4EF88 /* HikeGraph.swift */,
				65ABA7C826944A9B00D4EF88 /* HikeDetail.swift */,
				65ABA7C926944A9B00D4EF88 /* HikeView.swift */,
				65A01CD32696EF4100C07BC5 /* HikeBadge.swift */,
			);
			path = Hikes;
			sourceTree = "<group>";
		};
		65DD9B3E26BA5AED00FD6D73 /* PageView */ = {
			isa = PBXGroup;
			children = (
				65DD9B3F26BA5B0400FD6D73 /* PageViewController.swift */,
				65DD9B4326BA67E400FD6D73 /* PageView.swift */,
			);
			path = PageView;
			sourceTree = "<group>";
		};
/* End PBXGroup section */

/* Begin PBXNativeTarget section */
		6511CF182692E1CA00E6EAA6 /* Landmarks */ = {
			isa = PBXNativeTarget;
			buildConfigurationList = 6511CF282692E1CB00E6EAA6 /* Build configuration list for PBXNativeTarget "Landmarks" */;
			buildPhases = (
				6511CF152692E1CA00E6EAA6 /* Sources */,
				6511CF162692E1CA00E6EAA6 /* Frameworks */,
				6511CF172692E1CA00E6EAA6 /* Resources */,
			);
			buildRules = (
			);
			dependencies = (
			);
			name = Landmarks;
			productName = Landmarks;
			productReference = 6511CF192692E1CA00E6EAA6 /* Landmarks.app */;
			productType = "com.apple.product-type.application";
		};
/* End PBXNativeTarget section */

/* Begin PBXProject section */
		6511CF112692E1CA00E6EAA6 /* Project object */ = {
			isa = PBXProject;
			attributes = {
				LastSwiftUpdateCheck = 1250;
				LastUpgradeCheck = 1250;
				TargetAttributes = {
					6511CF182692E1CA00E6EAA6 = {
						CreatedOnToolsVersion = 12.5;
					};
				};
			};
			buildConfigurationList = 6511CF142692E1CA00E6EAA6 /* Build configuration list for PBXProject "Landmarks" */;
			compatibilityVersion = "Xcode 9.3";
			developmentRegion = en;
			hasScannedForEncodings = 0;
			knownRegions = (
				en,
				Base,
			);
			mainGroup = 6511CF102692E1CA00E6EAA6;
			productRefGroup = 6511CF1A2692E1CA00E6EAA6 /* Products */;
			projectDirPath = "";
			projectRoot = "";
			targets = (
				6511CF182692E1CA00E6EAA6 /* Landmarks */,
			);
		};
/* End PBXProject section */

/* Begin PBXResourcesBuildPhase section */
		6511CF172692E1CA00E6EAA6 /* Resources */ = {
			isa = PBXResourcesBuildPhase;
			buildActionMask = 2147483647;
			files = (
				6511CF5B269420E300E6EAA6 /* hikeData.json in Resources */,
				6511CF242692E1CB00E6EAA6 /* Preview Assets.xcassets in Resources */,
				6511CF212692E1CB00E6EAA6 /* Assets.xcassets in Resources */,
				6511CF3A2693D2D300E6EAA6 /* landmarkData.json in Resources */,
			);
			runOnlyForDeploymentPostprocessing = 0;
		};
/* End PBXResourcesBuildPhase section */

/* Begin PBXSourcesBuildPhase section */
		6511CF152692E1CA00E6EAA6 /* Sources */ = {
			isa = PBXSourcesBuildPhase;
			buildActionMask = 2147483647;
			files = (
				65A01CC72696A59700C07BC5 /* CategoryRow.swift in Sources */,
				65A01CCB2696CDA600C07BC5 /* Profile.swift in Sources */,
				6511CF1F2692E1CA00E6EAA6 /* ContentView.swift in Sources */,
				65A01CC5269695B900C07BC5 /* CategoryHome.swift in Sources */,
				65DD9B4226BA5FD700FD6D73 /* FeatureCard.swift in Sources */,
				65ABA7CB26944A9B00D4EF88 /* HikeGraph.swift in Sources */,
				6511CF5826941A7500E6EAA6 /* Badge.swift in Sources */,
				6511CF31269301AD00E6EAA6 /* MapView.swift in Sources */,
				65ABA7CA26944A9B00D4EF88 /* GraphCapsule.swift in Sources */,
				6511CF1D2692E1CA00E6EAA6 /* LandmarksApp.swift in Sources */,
				6511CF492693F89A00E6EAA6 /* FavoriteButton.swift in Sources */,
				65A01CC92696BB9F00C07BC5 /* CategoryItem.swift in Sources */,
				65ABA7CC26944A9B00D4EF88 /* HikeDetail.swift in Sources */,
				65A01CD22696E93D00C07BC5 /* ProfileSummary.swift in Sources */,
				6511CF4F2693FED800E6EAA6 /* HexagonParameters.swift in Sources */,
				65A01CCE2696CE1F00C07BC5 /* ProfileHost.swift in Sources */,
				6511CF5D269420FD00E6EAA6 /* Hike.swift in Sources */,
				6511CF552694182C00E6EAA6 /* RotatedBadgeSymbol.swift in Sources */,
				65DD9B4426BA67E400FD6D73 /* PageView.swift in Sources */,
				6511CF532694042000E6EAA6 /* BadgeSymbol.swift in Sources */,
				65A01CD62697F75500C07BC5 /* ProfileEditor.swift in Sources */,
				6511CF452693D7BB00E6EAA6 /* LandmarkList.swift in Sources */,
				65ABA7CD26944A9B00D4EF88 /* HikeView.swift in Sources */,
				6511CF472693D99100E6EAA6 /* LandmarkDetail.swift in Sources */,
				65DD9B4026BA5B0400FD6D73 /* PageViewController.swift in Sources */,
				6511CF512694016A00E6EAA6 /* BadgeBackground.swift in Sources */,
				65A01CD42696EF4100C07BC5 /* HikeBadge.swift in Sources */,
				6511CF2F2692EE9B00E6EAA6 /* CircleImage.swift in Sources */,
				6511CF382693D2C600E6EAA6 /* Landmark.swift in Sources */,
				6511CF432693D5A000E6EAA6 /* LandmarkRow.swift in Sources */,
				6511CF3C2693D48500E6EAA6 /* ModelData.swift in Sources */,
			);
			runOnlyForDeploymentPostprocessing = 0;
		};
/* End PBXSourcesBuildPhase section */

/* Begin XCBuildConfiguration section */
		6511CF262692E1CB00E6EAA6 /* Debug */ = {
			isa = XCBuildConfiguration;
			buildSettings = {
				ALWAYS_SEARCH_USER_PATHS = NO;
				CLANG_ANALYZER_NONNULL = YES;
				CLANG_ANALYZER_NUMBER_OBJECT_CONVERSION = YES_AGGRESSIVE;
				CLANG_CXX_LANGUAGE_STANDARD = "gnu++14";
				CLANG_CXX_LIBRARY = "libc++";
				CLANG_ENABLE_MODULES = YES;
				CLANG_ENABLE_OBJC_ARC = YES;
				CLANG_ENABLE_OBJC_WEAK = YES;
				CLANG_WARN_BLOCK_CAPTURE_AUTORELEASING = YES;
				CLANG_WARN_BOOL_CONVERSION = YES;
				CLANG_WARN_COMMA = YES;
				CLANG_WARN_CONSTANT_CONVERSION = YES;
				CLANG_WARN_DEPRECATED_OBJC_IMPLEMENTATIONS = YES;
				CLANG_WARN_DIRECT_OBJC_ISA_USAGE = YES_ERROR;
				CLANG_WARN_DOCUMENTATION_COMMENTS = YES;
				CLANG_WARN_EMPTY_BODY = YES;
				CLANG_WARN_ENUM_CONVERSION = YES;
				CLANG_WARN_INFINITE_RECURSION = YES;
				CLANG_WARN_INT_CONVERSION = YES;
				CLANG_WARN_NON_LITERAL_NULL_CONVERSION = YES;
				CLANG_WARN_OBJC_IMPLICIT_RETAIN_SELF = YES;
				CLANG_WARN_OBJC_LITERAL_CONVERSION = YES;
				CLANG_WARN_OBJC_ROOT_CLASS = YES_ERROR;
				CLANG_WARN_QUOTED_INCLUDE_IN_FRAMEWORK_HEADER = YES;
				CLANG_WARN_RANGE_LOOP_ANALYSIS = YES;
				CLANG_WARN_STRICT_PROTOTYPES = YES;
				CLANG_WARN_SUSPICIOUS_MOVE = YES;
				CLANG_WARN_UNGUARDED_AVAILABILITY = YES_AGGRESSIVE;
				CLANG_WARN_UNREACHABLE_CODE = YES;
				CLANG_WARN__DUPLICATE_METHOD_MATCH = YES;
				COPY_PHASE_STRIP = NO;
				DEBUG_INFORMATION_FORMAT = dwarf;
				ENABLE_STRICT_OBJC_MSGSEND = YES;
				ENABLE_TESTABILITY = YES;
				GCC_C_LANGUAGE_STANDARD = gnu11;
				GCC_DYNAMIC_NO_PIC = NO;
				GCC_NO_COMMON_BLOCKS = YES;
				GCC_OPTIMIZATION_LEVEL = 0;
				GCC_PREPROCESSOR_DEFINITIONS = (
					"DEBUG=1",
					"$(inherited)",
				);
				GCC_WARN_64_TO_32_BIT_CONVERSION = YES;
				GCC_WARN_ABOUT_RETURN_TYPE = YES_ERROR;
				GCC_WARN_UNDECLARED_SELECTOR = YES;
				GCC_WARN_UNINITIALIZED_AUTOS = YES_AGGRESSIVE;
				GCC_WARN_UNUSED_FUNCTION = YES;
				GCC_WARN_UNUSED_VARIABLE = YES;
				IPHONEOS_DEPLOYMENT_TARGET = 14.5;
				MTL_ENABLE_DEBUG_INFO = INCLUDE_SOURCE;
				MTL_FAST_MATH = YES;
				ONLY_ACTIVE_ARCH = YES;
				SDKROOT = iphoneos;
				SWIFT_ACTIVE_COMPILATION_CONDITIONS = DEBUG;
				SWIFT_OPTIMIZATION_LEVEL = "-Onone";
			};
			name = Debug;
		};
		6511CF272692E1CB00E6EAA6 /* Release */ = {
			isa = XCBuildConfiguration;
			buildSettings = {
				ALWAYS_SEARCH_USER_PATHS = NO;
				CLANG_ANALYZER_NONNULL = YES;
				CLANG_ANALYZER_NUMBER_OBJECT_CONVERSION = YES_AGGRESSIVE;
				CLANG_CXX_LANGUAGE_STANDARD = "gnu++14";
				CLANG_CXX_LIBRARY = "libc++";
				CLANG_ENABLE_MODULES = YES;
				CLANG_ENABLE_OBJC_ARC = YES;
				CLANG_ENABLE_OBJC_WEAK = YES;
				CLANG_WARN_BLOCK_CAPTURE_AUTORELEASING = YES;
				CLANG_WARN_BOOL_CONVERSION = YES;
				CLANG_WARN_COMMA = YES;
				CLANG_WARN_CONSTANT_CONVERSION = YES;
				CLANG_WARN_DEPRECATED_OBJC_IMPLEMENTATIONS = YES;
				CLANG_WARN_DIRECT_OBJC_ISA_USAGE = YES_ERROR;
				CLANG_WARN_DOCUMENTATION_COMMENTS = YES;
				CLANG_WARN_EMPTY_BODY = YES;
				CLANG_WARN_ENUM_CONVERSION = YES;
				CLANG_WARN_INFINITE_RECURSION = YES;
				CLANG_WARN_INT_CONVERSION = YES;
				CLANG_WARN_NON_LITERAL_NULL_CONVERSION = YES;
				CLANG_WARN_OBJC_IMPLICIT_RETAIN_SELF = YES;
				CLANG_WARN_OBJC_LITERAL_CONVERSION = YES;
				CLANG_WARN_OBJC_ROOT_CLASS = YES_ERROR;
				CLANG_WARN_QUOTED_INCLUDE_IN_FRAMEWORK_HEADER = YES;
				CLANG_WARN_RANGE_LOOP_ANALYSIS = YES;
				CLANG_WARN_STRICT_PROTOTYPES = YES;
				CLANG_WARN_SUSPICIOUS_MOVE = YES;
				CLANG_WARN_UNGUARDED_AVAILABILITY = YES_AGGRESSIVE;
				CLANG_WARN_UNREACHABLE_CODE = YES;
				CLANG_WARN__DUPLICATE_METHOD_MATCH = YES;
				COPY_PHASE_STRIP = NO;
				DEBUG_INFORMATION_FORMAT = "dwarf-with-dsym";
				ENABLE_NS_ASSERTIONS = NO;
				ENABLE_STRICT_OBJC_MSGSEND = YES;
				GCC_C_LANGUAGE_STANDARD = gnu11;
				GCC_NO_COMMON_BLOCKS = YES;
				GCC_WARN_64_TO_32_BIT_CONVERSION = YES;
				GCC_WARN_ABOUT_RETURN_TYPE = YES_ERROR;
				GCC_WARN_UNDECLARED_SELECTOR = YES;
				GCC_WARN_UNINITIALIZED_AUTOS = YES_AGGRESSIVE;
				GCC_WARN_UNUSED_FUNCTION = YES;
				GCC_WARN_UNUSED_VARIABLE = YES;
				IPHONEOS_DEPLOYMENT_TARGET = 14.5;
				MTL_ENABLE_DEBUG_INFO = NO;
				MTL_FAST_MATH = YES;
				SDKROOT = iphoneos;
				SWIFT_COMPILATION_MODE = wholemodule;
				SWIFT_OPTIMIZATION_LEVEL = "-O";
				VALIDATE_PRODUCT = YES;
			};
			name = Release;
		};
		6511CF292692E1CB00E6EAA6 /* Debug */ = {
			isa = XCBuildConfiguration;
			buildSettings = {
				ASSETCATALOG_COMPILER_APPICON_NAME = AppIcon;
				ASSETCATALOG_COMPILER_GLOBAL_ACCENT_COLOR_NAME = AccentColor;
				CODE_SIGN_STYLE = Automatic;
				DEVELOPMENT_ASSET_PATHS = "\"Landmarks/Preview Content\"";
				DEVELOPMENT_TEAM = B434W34DLF;
				ENABLE_PREVIEWS = YES;
				INFOPLIST_FILE = Landmarks/Info.plist;
				IPHONEOS_DEPLOYMENT_TARGET = 14.0;
				LD_RUNPATH_SEARCH_PATHS = (
					"$(inherited)",
					"@executable_path/Frameworks",
				);
				PRODUCT_BUNDLE_IDENTIFIER = "kr.ac.kpu.-.Landmarks";
				PRODUCT_NAME = "$(TARGET_NAME)";
				SWIFT_VERSION = 5.0;
				TARGETED_DEVICE_FAMILY = "1,2";
			};
			name = Debug;
		};
		6511CF2A2692E1CB00E6EAA6 /* Release */ = {
			isa = XCBuildConfiguration;
			buildSettings = {
				ASSETCATALOG_COMPILER_APPICON_NAME = AppIcon;
				ASSETCATALOG_COMPILER_GLOBAL_ACCENT_COLOR_NAME = AccentColor;
				CODE_SIGN_STYLE = Automatic;
				DEVELOPMENT_ASSET_PATHS = "\"Landmarks/Preview Content\"";
				DEVELOPMENT_TEAM = B434W34DLF;
				ENABLE_PREVIEWS = YES;
				INFOPLIST_FILE = Landmarks/Info.plist;
				IPHONEOS_DEPLOYMENT_TARGET = 14.0;
				LD_RUNPATH_SEARCH_PATHS = (
					"$(inherited)",
					"@executable_path/Frameworks",
				);
				PRODUCT_BUNDLE_IDENTIFIER = "kr.ac.kpu.-.Landmarks";
				PRODUCT_NAME = "$(TARGET_NAME)";
				SWIFT_VERSION = 5.0;
				TARGETED_DEVICE_FAMILY = "1,2";
			};
			name = Release;
		};
/* End XCBuildConfiguration section */

/* Begin XCConfigurationList section */
		6511CF142692E1CA00E6EAA6 /* Build configuration list for PBXProject "Landmarks" */ = {
			isa = XCConfigurationList;
			buildConfigurations = (
				6511CF262692E1CB00E6EAA6 /* Debug */,
				6511CF272692E1CB00E6EAA6 /* Release */,
			);
			defaultConfigurationIsVisible = 0;
			defaultConfigurationName = Release;
		};
		6511CF282692E1CB00E6EAA6 /* Build configuration list for PBXNativeTarget "Landmarks" */ = {
			isa = XCConfigurationList;
			buildConfigurations = (
				6511CF292692E1CB00E6EAA6 /* Debug */,
				6511CF2A2692E1CB00E6EAA6 /* Release */,
			);
			defaultConfigurationIsVisible = 0;
			defaultConfigurationName = Release;
		};
/* End XCConfigurationList section */
	};
	rootObject = 6511CF112692E1CA00E6EAA6 /* Project object */;
}
